
Microsoft Visual Studio Solution File, Format Version 12.00
# Visual Studio Version 16
VisualStudioVersion = 16.0.30611.23
MinimumVisualStudioVersion = 10.0.40219.1
Project("{FAE04EC0-301F-11D3-BF4B-00C04F79EFBC}") = "NeuroFuzzyGeometricShapeRecognition", "NeuroFuzzyGeometricShapeRecognition.csproj", "{3717CFEC-FD42-47A5-876D-A40C72746181}"
EndProject
Project("{FAE04EC0-301F-11D3-BF4B-00C04F79EFBC}") = "NeuroFuzzyBusinessLogic", "..\NeuroFuzzyBusinessLogic\NeuroFuzzyBusinessLogic.csproj", "{3C223F15-81EA-4E96-A5E6-8FE101B4A8A0}"
EndProject
Project("{FAE04EC0-301F-11D3-BF4B-00C04F79EFBC}") = "DataLayer", "..\DataLayer\DataLayer.csproj", "{B92CDFA4-860F-4F41-80B0-8AE7E8CA7538}"
EndProject
Project("{FAE04EC0-301F-11D3-BF4B-00C04F79EFBC}") = "UnitTests", "..\UnitTests\UnitTests.csproj", "{E9402065-10A6-43E4-985F-78A2D21D8D51}"
EndProject
Global
	GlobalSection(SolutionConfigurationPlatforms) = preSolution
		Debug|Any CPU = Debug|Any CPU
		Release|Any CPU = Release|Any CPU
	EndGlobalSection
	GlobalSection(ProjectConfigurationPlatforms) = postSolution
		{3717CFEC-FD42-47A5-876D-A40C72746181}.Debug|Any CPU.ActiveCfg = Debug|Any CPU
		{3717CFEC-FD42-47A5-876D-A40C72746181}.Debug|Any CPU.Build.0 = Debug|Any CPU
		{3717CFEC-FD42-47A5-876D-A40C72746181}.Release|Any CPU.ActiveCfg = Release|Any CPU
		{3717CFEC-FD42-47A5-876D-A40C72746181}.Release|Any CPU.Build.0 = Release|Any CPU
		{3C223F15-81EA-4E96-A5E6-8FE101B4A8A0}.Debug|Any CPU.ActiveCfg = Debug|Any CPU
		{3C223F15-81EA-4E96-A5E6-8FE101B4A8A0}.Debug|Any CPU.Build.0 = Debug|Any CPU
		{3C223F15-81EA-4E96-A5E6-8FE101B4A8A0}.Release|Any CPU.ActiveCfg = Release|Any CPU
		{3C223F15-81EA-4E96-A5E6-8FE101B4A8A0}.Release|Any CPU.Build.0 = Release|Any CPU
		{B92CDFA4-860F-4F41-80B0-8AE7E8CA7538}.Debug|Any CPU.ActiveCfg = Debug|Any CPU
		{B92CDFA4-860F-4F41-80B0-8AE7E8CA7538}.Debug|Any CPU.Build.0 = Debug|Any CPU
		{B92CDFA4-860F-4F41-80B0-8AE7E8CA7538}.Release|Any CPU.ActiveCfg = Release|Any CPU
		{B92CDFA4-860F-4F41-80B0-8AE7E8CA7538}.Release|Any CPU.Build.0 = Release|Any CPU
		{E9402065-10A6-43E4-985F-78A2D21D8D51}.Debug|Any CPU.ActiveCfg = Debug|Any CPU
		{E9402065-10A6-43E4-985F-78A2D21D8D51}.Debug|Any CPU.Build.0 = Debug|Any CPU
		{E9402065-10A6-43E4-985F-78A2D21D8D51}.Release|Any CPU.ActiveCfg = Release|Any CPU
		{E9402065-10A6-43E4-985F-78A2D21D8D51}.Release|Any CPU.Build.0 = Release|Any CPU
	EndGlobalSection
	GlobalSection(SolutionProperties) = preSolution
		HideSolutionNode = FALSE
	EndGlobalSection
	GlobalSection(ExtensibilityGlobals) = postSolution
		SolutionGuid = {5D8BD6E9-0DBF-41CA-8607-D40098FDD1A1}
	EndGlobalSection
EndGlobal
